{
  "name": "cogira-backend",
  "version": "0.1.0",
  "lockfileVersion": 3,
  "requires": true,
  "packages": {
    "": {
      "name": "cogira-backend",
      "version": "0.1.0",
      "license": "UNLICENSED",
      "dependencies": {
        "@middy/core": "^6.4.5",
        "@middy/http-cors": "^6.4.5",
        "@middy/http-error-handler": "^6.4.5",
        "@middy/http-json-body-parser": "^6.4.5"
      },
      "devDependencies": {
        "@types/aws-lambda": "^8.10.137"
      },
      "engines": {
        "node": ">=20"
      }
    },
    "node_modules/@middy/core": {
      "version": "6.4.5",
      "resolved": "https://zehdi-637423340093.d.codeartifact.us-east-1.amazonaws.com/npm/zehdi-shared-models/@middy/core/-/core-6.4.5.tgz",
      "integrity": "sha512-qRGCslDHjMr08fywcfVbWR9qpx16vGD481i9GpX3r5efi8Arjp/44JTjfeJkJJxvIb/8/+E9MLvU86+3oe1oJQ==",
      "license": "MIT",
      "engines": {
        "node": ">=20"
      },
      "funding": {
        "type": "github",
        "url": "https://github.com/sponsors/willfarrell"
      }
    },
    "node_modules/@middy/http-cors": {
      "version": "6.4.5",
      "resolved": "https://zehdi-637423340093.d.codeartifact.us-east-1.amazonaws.com/npm/zehdi-shared-models/@middy/http-cors/-/http-cors-6.4.5.tgz",
      "integrity": "sha512-q6nwP3Y2AC25KmBQo5xygmhyJgenNJCX9GSuDW2jUec43wA3ocH5Btkvo9z2wzlgNre/epOWNXX6ltz9DRZOyQ==",
      "license": "MIT",
      "dependencies": {
        "@middy/util": "6.4.5"
      },
      "engines": {
        "node": ">=20"
      },
      "funding": {
        "type": "github",
        "url": "https://github.com/sponsors/willfarrell"
      }
    },
    "node_modules/@middy/http-error-handler": {
      "version": "6.4.5",
      "resolved": "https://zehdi-637423340093.d.codeartifact.us-east-1.amazonaws.com/npm/zehdi-shared-models/@middy/http-error-handler/-/http-error-handler-6.4.5.tgz",
      "integrity": "sha512-0El5exXIl5QW47kQQTx1lVk0dZC961hGK6TVd+jtQAv9tpN6ibZQaRI7CaL8b+bmAgsdsxZQmEqoLOBhhW5gQQ==",
      "license": "MIT",
      "dependencies": {
        "@middy/util": "6.4.5"
      },
      "engines": {
        "node": ">=20"
      },
      "funding": {
        "type": "github",
        "url": "https://github.com/sponsors/willfarrell"
      }
    },
    "node_modules/@middy/http-json-body-parser": {
      "version": "6.4.5",
      "resolved": "https://zehdi-637423340093.d.codeartifact.us-east-1.amazonaws.com/npm/zehdi-shared-models/@middy/http-json-body-parser/-/http-json-body-parser-6.4.5.tgz",
      "integrity": "sha512-laK78DjphVJTDNPYFy2v7B6Tj0Pby96+HBxJ3AE9De1WcfKkeFbII+K0WR2KJND8+61fzHPWnPCGoRWB7AD3RQ==",
      "license": "MIT",
      "dependencies": {
        "@middy/util": "6.4.5"
      },
      "engines": {
        "node": ">=20"
      },
      "funding": {
        "type": "github",
        "url": "https://github.com/sponsors/willfarrell"
      }
    },
    "node_modules/@middy/util": {
      "version": "6.4.5",
      "resolved": "https://zehdi-637423340093.d.codeartifact.us-east-1.amazonaws.com/npm/zehdi-shared-models/@middy/util/-/util-6.4.5.tgz",
      "integrity": "sha512-170ml5Q8QIHjric+ynwmDoa1sbcaMkUJumpUNxubqzStN7rEebVHnzXLQBwvSAhp7Fhcja7q2JLo0yjHpyPO4Q==",
      "license": "MIT",
      "engines": {
        "node": ">=20"
      },
      "funding": {
        "type": "github",
        "url": "https://github.com/sponsors/willfarrell"
      }
    },
    "node_modules/@types/aws-lambda": {
      "version": "8.10.157",
      "resolved": "https://zehdi-637423340093.d.codeartifact.us-east-1.amazonaws.com/npm/zehdi-shared-models/@types/aws-lambda/-/aws-lambda-8.10.157.tgz",
      "integrity": "sha512-ofjcRCO1N7tMZDSO11u5bFHPDfUFD3Q9YK9g4S4w8UDKuG3CNlw2lNK1sd3Itdo7JORygZmG4h9ZykS8dlXvMA==",
      "dev": true,
      "license": "MIT"
    }
  }
}
